
Microsoft Visual Studio Solution File, Format Version 12.00
# Visual Studio Version 16
VisualStudioVersion = 16.0.31005.135
MinimumVisualStudioVersion = 10.0.40219.1
Project("{FAE04EC0-301F-11D3-BF4B-00C04F79EFBC}") = "HashCode2021", "HashCode2021\HashCode2021.csproj", "{0D62BA65-6F12-4543-A32D-F3BD22851839}"
EndProject
Global
	GlobalSection(SolutionConfigurationPlatforms) = preSolution
		Debug|Any CPU = Debug|Any CPU
		Release|Any CPU = Release|Any CPU
	EndGlobalSection
	GlobalSection(ProjectConfigurationPlatforms) = postSolution
		{0D62BA65-6F12-4543-A32D-F3BD22851839}.Debug|Any CPU.ActiveCfg = Debug|Any CPU
		{0D62BA65-6F12-4543-A32D-F3BD22851839}.Debug|Any CPU.Build.0 = Debug|Any CPU
		{0D62BA65-6F12-4543-A32D-F3BD22851839}.Release|Any CPU.ActiveCfg = Release|Any CPU
		{0D62BA65-6F12-4543-A32D-F3BD22851839}.Release|Any CPU.Build.0 = Release|Any CPU
	EndGlobalSection
	GlobalSection(SolutionProperties) = preSolution
		HideSolutionNode = FALSE
	EndGlobalSection
	GlobalSection(ExtensibilityGlobals) = postSolution
		SolutionGuid = {12A5F61F-EEE9-4B7B-ACC6-674C34491F9C}
	EndGlobalSection
EndGlobal
